
Microsoft Visual Studio Solution File, Format Version 12.00
# Visual Studio Version 16
VisualStudioVersion = 16.0.31424.327
MinimumVisualStudioVersion = 10.0.40219.1
Project("{FAE04EC0-301F-11D3-BF4B-00C04F79EFBC}") = "MazeGenerator", "MazeGenerator\MazeGenerator.csproj", "{A09DE6F0-4B2F-430F-BB77-24FD10CB22EC}"
EndProject
Global
	GlobalSection(SolutionConfigurationPlatforms) = preSolution
		Debug|Any CPU = Debug|Any CPU
		Release|Any CPU = Release|Any CPU
	EndGlobalSection
	GlobalSection(ProjectConfigurationPlatforms) = postSolution
		{A09DE6F0-4B2F-430F-BB77-24FD10CB22EC}.Debug|Any CPU.ActiveCfg = Debug|Any CPU
		{A09DE6F0-4B2F-430F-BB77-24FD10CB22EC}.Debug|Any CPU.Build.0 = Debug|Any CPU
		{A09DE6F0-4B2F-430F-BB77-24FD10CB22EC}.Release|Any CPU.ActiveCfg = Release|Any CPU
		{A09DE6F0-4B2F-430F-BB77-24FD10CB22EC}.Release|Any CPU.Build.0 = Release|Any CPU
	EndGlobalSection
	GlobalSection(SolutionProperties) = preSolution
		HideSolutionNode = FALSE
	EndGlobalSection
	GlobalSection(ExtensibilityGlobals) = postSolution
		SolutionGuid = {2C2DF7CC-282C-4EAA-AEF1-6F36B72DC677}
	EndGlobalSection
EndGlobal
